
Microsoft Visual Studio Solution File, Format Version 12.00
# Visual Studio Version 16
VisualStudioVersion = 16.0.30907.101
MinimumVisualStudioVersion = 10.0.40219.1
Project("{9A19103F-16F7-4668-BE54-9A1E7A4F7556}") = "Ulsolution.HrBot", "EchoBot1\Ulsolution.HrBot.csproj", "{AFFFE6B5-1D55-473A-94DC-C620C2B71ACC}"
EndProject
Global
	GlobalSection(SolutionConfigurationPlatforms) = preSolution
		Debug|Any CPU = Debug|Any CPU
		Release|Any CPU = Release|Any CPU
	EndGlobalSection
	GlobalSection(ProjectConfigurationPlatforms) = postSolution
		{AFFFE6B5-1D55-473A-94DC-C620C2B71ACC}.Debug|Any CPU.ActiveCfg = Debug|Any CPU
		{AFFFE6B5-1D55-473A-94DC-C620C2B71ACC}.Debug|Any CPU.Build.0 = Debug|Any CPU
		{AFFFE6B5-1D55-473A-94DC-C620C2B71ACC}.Release|Any CPU.ActiveCfg = Release|Any CPU
		{AFFFE6B5-1D55-473A-94DC-C620C2B71ACC}.Release|Any CPU.Build.0 = Release|Any CPU
	EndGlobalSection
	GlobalSection(SolutionProperties) = preSolution
		HideSolutionNode = FALSE
	EndGlobalSection
	GlobalSection(ExtensibilityGlobals) = postSolution
		SolutionGuid = {C81DD482-FCC5-46C8-97EA-02547DFAB250}
	EndGlobalSection
EndGlobal
